
Microsoft Visual Studio Solution File, Format Version 12.00
# Visual Studio 2013
VisualStudioVersion = 12.0.30501.0
MinimumVisualStudioVersion = 10.0.40219.1
Project("{FAE04EC0-301F-11D3-BF4B-00C04F79EFBC}") = "SupportingProject", "SupportingProject\SupportingProject.csproj", "{DCEE5348-83AC-48BD-940F-71F6D6468CDC}"
EndProject
Global
	GlobalSection(SolutionConfigurationPlatforms) = preSolution
		Debug|Any CPU = Debug|Any CPU
		Release|Any CPU = Release|Any CPU
	EndGlobalSection
	GlobalSection(ProjectConfigurationPlatforms) = postSolution
		{DCEE5348-83AC-48BD-940F-71F6D6468CDC}.Debug|Any CPU.ActiveCfg = Debug|Any CPU
		{DCEE5348-83AC-48BD-940F-71F6D6468CDC}.Debug|Any CPU.Build.0 = Debug|Any CPU
		{DCEE5348-83AC-48BD-940F-71F6D6468CDC}.Release|Any CPU.ActiveCfg = Release|Any CPU
		{DCEE5348-83AC-48BD-940F-71F6D6468CDC}.Release|Any CPU.Build.0 = Release|Any CPU
	EndGlobalSection
	GlobalSection(SolutionProperties) = preSolution
		HideSolutionNode = FALSE
	EndGlobalSection
EndGlobal
